// !$*UTF8*$!
{
	archiveVersion = 1;
	classes = {
	};
	objectVersion = 46;
	objects = {

/* Begin PBXBuildFile section */
		A93547711807ADF600705CF1 /* SSKeychain.m in Sources */ = {isa = PBXBuildFile; fileRef = A935476E1807ADF600705CF1 /* SSKeychain.m */; };
		A93547721807ADF600705CF1 /* SSKeychainQuery.m in Sources */ = {isa = PBXBuildFile; fileRef = A93547701807ADF600705CF1 /* SSKeychainQuery.m */; };
		A93547841807AE3D00705CF1 /* BUBrainClient.m in Sources */ = {isa = PBXBuildFile; fileRef = A93547731807AE3D00705CF1 /* BUBrainClient.m */; };
		A93547851807AE3D00705CF1 /* BNumberControllerViewController.m in Sources */ = {isa = PBXBuildFile; fileRef = A93547741807AE3D00705CF1 /* BNumberControllerViewController.m */; };
		A93547871807AE3D00705CF1 /* AppDelegate.m in Sources */ = {isa = PBXBuildFile; fileRef = A93547791807AE3D00705CF1 /* AppDelegate.m */; };
		A93547881807AE3D00705CF1 /* CaptureCredentialsController.m in Sources */ = {isa = PBXBuildFile; fileRef = A935477A1807AE3D00705CF1 /* CaptureCredentialsController.m */; };
		A93547891807AE3D00705CF1 /* CaptureCredentialsController.xib in Resources */ = {isa = PBXBuildFile; fileRef = A935477B1807AE3D00705CF1 /* CaptureCredentialsController.xib */; };
		A935478A1807AE3D00705CF1 /* BNumberControllerViewController.xib in Resources */ = {isa = PBXBuildFile; fileRef = A935477C1807AE3D00705CF1 /* BNumberControllerViewController.xib */; };
		A935478B1807AE3D00705CF1 /* Images.xcassets in Resources */ = {isa = PBXBuildFile; fileRef = A935477D1807AE3D00705CF1 /* Images.xcassets */; };
		A935478D1807AE3D00705CF1 /* main.m in Sources */ = {isa = PBXBuildFile; fileRef = A93547831807AE3D00705CF1 /* main.m */; };
		A966B7B61830B140001E47BA /* libPods.a in Frameworks */ = {isa = PBXBuildFile; fileRef = A966B7B51830B140001E47BA /* libPods.a */; };
		F71E18AB182E00090059EFDD /* ClassCell.xib in Resources */ = {isa = PBXBuildFile; fileRef = F71E18AA182E00090059EFDD /* ClassCell.xib */; };
		F71E18AE182E18900059EFDD /* ClassInfo.m in Sources */ = {isa = PBXBuildFile; fileRef = F71E18AD182E18900059EFDD /* ClassInfo.m */; };
		F71E18B0182E2E570059EFDD /* TermCell.xib in Resources */ = {isa = PBXBuildFile; fileRef = F71E18AF182E2E570059EFDD /* TermCell.xib */; };
		F71E18B2182E30EA0059EFDD /* ClassCell.m in Sources */ = {isa = PBXBuildFile; fileRef = F71E18B1182E30EA0059EFDD /* ClassCell.m */; };
		F71E18B6182E41B50059EFDD /* SettingsViewController.m in Sources */ = {isa = PBXBuildFile; fileRef = F71E18B4182E41B50059EFDD /* SettingsViewController.m */; };
		F71E18B7182E41B50059EFDD /* SettingsViewController.xib in Resources */ = {isa = PBXBuildFile; fileRef = F71E18B5182E41B50059EFDD /* SettingsViewController.xib */; };
		F7374C4D186FEA5600881136 /* GridScheduleViewController.m in Sources */ = {isa = PBXBuildFile; fileRef = F7374C4B186FEA5600881136 /* GridScheduleViewController.m */; };
		F7374C4E186FEA5600881136 /* GridScheduleViewController.xib in Resources */ = {isa = PBXBuildFile; fileRef = F7374C4C186FEA5600881136 /* GridScheduleViewController.xib */; };
		F7374C55187119B100881136 /* TranscriptViewController.m in Sources */ = {isa = PBXBuildFile; fileRef = F7374C53187119B100881136 /* TranscriptViewController.m */; };
		F7374C56187119B100881136 /* TranscriptViewController.xib in Resources */ = {isa = PBXBuildFile; fileRef = F7374C54187119B100881136 /* TranscriptViewController.xib */; };
		F7445DCD182DBFE3007316C6 /* ScheduleTableViewController.m in Sources */ = {isa = PBXBuildFile; fileRef = F7445DCB182DBFE3007316C6 /* ScheduleTableViewController.m */; };
		F7445DCE182DBFE3007316C6 /* ScheduleTableViewController.xib in Resources */ = {isa = PBXBuildFile; fileRef = F7445DCC182DBFE3007316C6 /* ScheduleTableViewController.xib */; };
		F766B6C21872A82C0018ADC0 /* GradesViewController.m in Sources */ = {isa = PBXBuildFile; fileRef = F766B6C11872A82C0018ADC0 /* GradesViewController.m */; };
		F77E2D7D176EA1D7007A5678 /* Security.framework in Frameworks */ = {isa = PBXBuildFile; fileRef = F77E2D7C176EA1D7007A5678 /* Security.framework */; };
		F78D4146181362210080D5EB /* mainMenuViewController.m in Sources */ = {isa = PBXBuildFile; fileRef = F78D4144181362210080D5EB /* mainMenuViewController.m */; };
		F78D4147181362210080D5EB /* mainMenuViewController.xib in Resources */ = {isa = PBXBuildFile; fileRef = F78D4145181362210080D5EB /* mainMenuViewController.xib */; };
		F78D414C181483260080D5EB /* TermsViewController.m in Sources */ = {isa = PBXBuildFile; fileRef = F78D414B181483260080D5EB /* TermsViewController.m */; };
		F78D4152181493F60080D5EB /* BuBrainCredentials.m in Sources */ = {isa = PBXBuildFile; fileRef = F78D4151181493F60080D5EB /* BuBrainCredentials.m */; };
		F7AE4DFF1830325C00526774 /* RedirectDetector.m in Sources */ = {isa = PBXBuildFile; fileRef = F7AE4DFE1830325C00526774 /* RedirectDetector.m */; };
		F7C23690176A7F7C00F94740 /* Foundation.framework in Frameworks */ = {isa = PBXBuildFile; fileRef = F7C2368F176A7F7C00F94740 /* Foundation.framework */; };
		F7C23692176A7F7C00F94740 /* CoreGraphics.framework in Frameworks */ = {isa = PBXBuildFile; fileRef = F7C23691176A7F7C00F94740 /* CoreGraphics.framework */; };
		F7C23694176A7F7C00F94740 /* UIKit.framework in Frameworks */ = {isa = PBXBuildFile; fileRef = F7C23693176A7F7C00F94740 /* UIKit.framework */; };
		F7C236A9176A7F7C00F94740 /* XCTest.framework in Frameworks */ = {isa = PBXBuildFile; fileRef = F7C236A8176A7F7C00F94740 /* XCTest.framework */; };
		F7C236AA176A7F7C00F94740 /* Foundation.framework in Frameworks */ = {isa = PBXBuildFile; fileRef = F7C2368F176A7F7C00F94740 /* Foundation.framework */; };
		F7C236AB176A7F7C00F94740 /* UIKit.framework in Frameworks */ = {isa = PBXBuildFile; fileRef = F7C23693176A7F7C00F94740 /* UIKit.framework */; };
/* End PBXBuildFile section */

/* Begin PBXContainerItemProxy section */
		F7C236AC176A7F7C00F94740 /* PBXContainerItemProxy */ = {
			isa = PBXContainerItemProxy;
			containerPortal = F7C23684176A7F7B00F94740 /* Project object */;
			proxyType = 1;
			remoteGlobalIDString = F7C2368B176A7F7B00F94740;
			remoteInfo = BuBrainTest;
		};
/* End PBXContainerItemProxy section */

/* Begin PBXFileReference section */
		A935476D1807ADF600705CF1 /* SSKeychain.h */ = {isa = PBXFileReference; fileEncoding = 4; lastKnownFileType = sourcecode.c.h; name = SSKeychain.h; path = SSKeyChainQuery/SSKeychain.h; sourceTree = "<group>"; };
		A935476E1807ADF600705CF1 /* SSKeychain.m */ = {isa = PBXFileReference; fileEncoding = 4; lastKnownFileType = sourcecode.c.objc; name = SSKeychain.m; path = SSKeyChainQuery/SSKeychain.m; sourceTree = "<group>"; };
		A935476F1807ADF600705CF1 /* SSKeychainQuery.h */ = {isa = PBXFileReference; fileEncoding = 4; lastKnownFileType = sourcecode.c.h; name = SSKeychainQuery.h; path = SSKeyChainQuery/SSKeychainQuery.h; sourceTree = "<group>"; };
		A93547701807ADF600705CF1 /* SSKeychainQuery.m */ = {isa = PBXFileReference; fileEncoding = 4; lastKnownFileType = sourcecode.c.objc; name = SSKeychainQuery.m; path = SSKeyChainQuery/SSKeychainQuery.m; sourceTree = "<group>"; };
		A93547731807AE3D00705CF1 /* BUBrainClient.m */ = {isa = PBXFileReference; fileEncoding = 4; lastKnownFileType = sourcecode.c.objc; name = BUBrainClient.m; path = BuBrain/BUBrainClient.m; sourceTree = SOURCE_ROOT; };
		A93547741807AE3D00705CF1 /* BNumberControllerViewController.m */ = {isa = PBXFileReference; fileEncoding = 4; lastKnownFileType = sourcecode.c.objc; name = BNumberControllerViewController.m; path = BuBrain/BNumberControllerViewController.m; sourceTree = SOURCE_ROOT; };
		A93547751807AE3D00705CF1 /* BUBrainClient.h */ = {isa = PBXFileReference; fileEncoding = 4; lastKnownFileType = sourcecode.c.h; name = BUBrainClient.h; path = BuBrain/BUBrainClient.h; sourceTree = SOURCE_ROOT; };
		A93547761807AE3D00705CF1 /* BNumberControllerViewController.h */ = {isa = PBXFileReference; fileEncoding = 4; lastKnownFileType = sourcecode.c.h; name = BNumberControllerViewController.h; path = BuBrain/BNumberControllerViewController.h; sourceTree = SOURCE_ROOT; };
		A93547771807AE3D00705CF1 /* CaptureCredentialsController.h */ = {isa = PBXFileReference; fileEncoding = 4; lastKnownFileType = sourcecode.c.h; name = CaptureCredentialsController.h; path = BuBrain/CaptureCredentialsController.h; sourceTree = SOURCE_ROOT; };
		A93547781807AE3D00705CF1 /* BU Brain-Info.plist */ = {isa = PBXFileReference; fileEncoding = 4; lastKnownFileType = text.plist.xml; name = "BU Brain-Info.plist"; path = "BuBrain/BU Brain-Info.plist"; sourceTree = SOURCE_ROOT; };
		A93547791807AE3D00705CF1 /* AppDelegate.m */ = {isa = PBXFileReference; fileEncoding = 4; lastKnownFileType = sourcecode.c.objc; name = AppDelegate.m; path = BuBrain/AppDelegate.m; sourceTree = SOURCE_ROOT; };
		A935477A1807AE3D00705CF1 /* CaptureCredentialsController.m */ = {isa = PBXFileReference; fileEncoding = 4; lastKnownFileType = sourcecode.c.objc; name = CaptureCredentialsController.m; path = BuBrain/CaptureCredentialsController.m; sourceTree = SOURCE_ROOT; };
		A935477B1807AE3D00705CF1 /* CaptureCredentialsController.xib */ = {isa = PBXFileReference; fileEncoding = 4; lastKnownFileType = file.xib; name = CaptureCredentialsController.xib; path = BuBrain/UI/CaptureCredentialsController.xib; sourceTree = SOURCE_ROOT; };
		A935477C1807AE3D00705CF1 /* BNumberControllerViewController.xib */ = {isa = PBXFileReference; fileEncoding = 4; lastKnownFileType = file.xib; name = BNumberControllerViewController.xib; path = BuBrain/UI/BNumberControllerViewController.xib; sourceTree = SOURCE_ROOT; };
		A935477D1807AE3D00705CF1 /* Images.xcassets */ = {isa = PBXFileReference; lastKnownFileType = folder.assetcatalog; name = Images.xcassets; path = BuBrain/Images.xcassets; sourceTree = SOURCE_ROOT; };
		A93547811807AE3D00705CF1 /* AppDelegate.h */ = {isa = PBXFileReference; fileEncoding = 4; lastKnownFileType = sourcecode.c.h; name = AppDelegate.h; path = BuBrain/AppDelegate.h; sourceTree = SOURCE_ROOT; };
		A93547821807AE3D00705CF1 /* BU Brain-Prefix.pch */ = {isa = PBXFileReference; fileEncoding = 4; lastKnownFileType = sourcecode.c.h; name = "BU Brain-Prefix.pch"; path = "BuBrain/BU Brain-Prefix.pch"; sourceTree = SOURCE_ROOT; };
		A93547831807AE3D00705CF1 /* main.m */ = {isa = PBXFileReference; fileEncoding = 4; lastKnownFileType = sourcecode.c.objc; name = main.m; path = BuBrain/main.m; sourceTree = SOURCE_ROOT; };
		A966B7B51830B140001E47BA /* libPods.a */ = {isa = PBXFileReference; lastKnownFileType = archive.ar; name = libPods.a; path = "Pods/build/Release-iphoneos/libPods.a"; sourceTree = "<group>"; };
		AA5592877BE441A08C5D071D /* Pods.xcconfig */ = {isa = PBXFileReference; includeInIndex = 1; lastKnownFileType = text.xcconfig; name = Pods.xcconfig; path = Pods/Pods.xcconfig; sourceTree = "<group>"; };
		ECF104E35B9A4E8EA4C48DF1 /* libPods.a */ = {isa = PBXFileReference; explicitFileType = archive.ar; includeInIndex = 0; path = libPods.a; sourceTree = BUILT_PRODUCTS_DIR; };
		F71E18AA182E00090059EFDD /* ClassCell.xib */ = {isa = PBXFileReference; fileEncoding = 4; lastKnownFileType = file.xib; name = ClassCell.xib; path = BuBrain/UI/ClassCell.xib; sourceTree = SOURCE_ROOT; };
		F71E18AC182E18900059EFDD /* ClassInfo.h */ = {isa = PBXFileReference; fileEncoding = 4; lastKnownFileType = sourcecode.c.h; name = ClassInfo.h; path = BuBrain/ClassInfo.h; sourceTree = SOURCE_ROOT; };
		F71E18AD182E18900059EFDD /* ClassInfo.m */ = {isa = PBXFileReference; fileEncoding = 4; lastKnownFileType = sourcecode.c.objc; name = ClassInfo.m; path = BuBrain/ClassInfo.m; sourceTree = SOURCE_ROOT; };
		F71E18AF182E2E570059EFDD /* TermCell.xib */ = {isa = PBXFileReference; fileEncoding = 4; lastKnownFileType = file.xib; name = TermCell.xib; path = BuBrain/UI/TermCell.xib; sourceTree = SOURCE_ROOT; };
		F71E18B1182E30EA0059EFDD /* ClassCell.m */ = {isa = PBXFileReference; fileEncoding = 4; lastKnownFileType = sourcecode.c.objc; name = ClassCell.m; path = BuBrain/ClassCell.m; sourceTree = SOURCE_ROOT; };
		F71E18B3182E41B50059EFDD /* SettingsViewController.h */ = {isa = PBXFileReference; fileEncoding = 4; lastKnownFileType = sourcecode.c.h; name = SettingsViewController.h; path = BuBrain/SettingsViewController.h; sourceTree = SOURCE_ROOT; };
		F71E18B4182E41B50059EFDD /* SettingsViewController.m */ = {isa = PBXFileReference; fileEncoding = 4; lastKnownFileType = sourcecode.c.objc; name = SettingsViewController.m; path = BuBrain/SettingsViewController.m; sourceTree = SOURCE_ROOT; };
		F71E18B5182E41B50059EFDD /* SettingsViewController.xib */ = {isa = PBXFileReference; fileEncoding = 4; lastKnownFileType = file.xib; name = SettingsViewController.xib; path = BuBrain/UI/SettingsViewController.xib; sourceTree = SOURCE_ROOT; };
		F7374C4A186FEA5600881136 /* GridScheduleViewController.h */ = {isa = PBXFileReference; fileEncoding = 4; lastKnownFileType = sourcecode.c.h; name = GridScheduleViewController.h; path = BuBrain/GridScheduleViewController.h; sourceTree = SOURCE_ROOT; };
		F7374C4B186FEA5600881136 /* GridScheduleViewController.m */ = {isa = PBXFileReference; fileEncoding = 4; lastKnownFileType = sourcecode.c.objc; name = GridScheduleViewController.m; path = BuBrain/GridScheduleViewController.m; sourceTree = SOURCE_ROOT; };
		F7374C4C186FEA5600881136 /* GridScheduleViewController.xib */ = {isa = PBXFileReference; fileEncoding = 4; lastKnownFileType = file.xib; name = GridScheduleViewController.xib; path = BuBrain/GridScheduleViewController.xib; sourceTree = SOURCE_ROOT; };
		F7374C52187119B100881136 /* TranscriptViewController.h */ = {isa = PBXFileReference; fileEncoding = 4; lastKnownFileType = sourcecode.c.h; name = TranscriptViewController.h; path = BuBrain/TranscriptViewController.h; sourceTree = SOURCE_ROOT; };
		F7374C53187119B100881136 /* TranscriptViewController.m */ = {isa = PBXFileReference; fileEncoding = 4; lastKnownFileType = sourcecode.c.objc; name = TranscriptViewController.m; path = BuBrain/TranscriptViewController.m; sourceTree = SOURCE_ROOT; };
		F7374C54187119B100881136 /* TranscriptViewController.xib */ = {isa = PBXFileReference; fileEncoding = 4; lastKnownFileType = file.xib; name = TranscriptViewController.xib; path = BuBrain/TranscriptViewController.xib; sourceTree = SOURCE_ROOT; };
		F7445DC7182DB9EC007316C6 /* ClassCell.h */ = {isa = PBXFileReference; fileEncoding = 4; lastKnownFileType = sourcecode.c.h; name = ClassCell.h; path = BuBrain/ClassCell.h; sourceTree = SOURCE_ROOT; };
		F7445DCA182DBFE3007316C6 /* ScheduleTableViewController.h */ = {isa = PBXFileReference; fileEncoding = 4; lastKnownFileType = sourcecode.c.h; name = ScheduleTableViewController.h; path = BuBrain/ScheduleTableViewController.h; sourceTree = SOURCE_ROOT; };
		F7445DCB182DBFE3007316C6 /* ScheduleTableViewController.m */ = {isa = PBXFileReference; fileEncoding = 4; lastKnownFileType = sourcecode.c.objc; name = ScheduleTableViewController.m; path = BuBrain/ScheduleTableViewController.m; sourceTree = SOURCE_ROOT; };
		F7445DCC182DBFE3007316C6 /* ScheduleTableViewController.xib */ = {isa = PBXFileReference; fileEncoding = 4; lastKnownFileType = file.xib; name = ScheduleTableViewController.xib; path = BuBrain/UI/ScheduleTableViewController.xib; sourceTree = SOURCE_ROOT; };
		F766B6C01872A82C0018ADC0 /* GradesViewController.h */ = {isa = PBXFileReference; fileEncoding = 4; lastKnownFileType = sourcecode.c.h; name = GradesViewController.h; path = BuBrain/GradesViewController.h; sourceTree = SOURCE_ROOT; };
		F766B6C11872A82C0018ADC0 /* GradesViewController.m */ = {isa = PBXFileReference; fileEncoding = 4; lastKnownFileType = sourcecode.c.objc; name = GradesViewController.m; path = BuBrain/GradesViewController.m; sourceTree = SOURCE_ROOT; };
		F77E2D7C176EA1D7007A5678 /* Security.framework */ = {isa = PBXFileReference; lastKnownFileType = wrapper.framework; name = Security.framework; path = System/Library/Frameworks/Security.framework; sourceTree = SDKROOT; };
		F78D4143181362210080D5EB /* mainMenuViewController.h */ = {isa = PBXFileReference; fileEncoding = 4; lastKnownFileType = sourcecode.c.h; name = mainMenuViewController.h; path = BuBrain/mainMenuViewController.h; sourceTree = SOURCE_ROOT; };
		F78D4144181362210080D5EB /* mainMenuViewController.m */ = {isa = PBXFileReference; fileEncoding = 4; lastKnownFileType = sourcecode.c.objc; name = mainMenuViewController.m; path = BuBrain/mainMenuViewController.m; sourceTree = SOURCE_ROOT; };
		F78D4145181362210080D5EB /* mainMenuViewController.xib */ = {isa = PBXFileReference; fileEncoding = 4; lastKnownFileType = file.xib; name = mainMenuViewController.xib; path = BuBrain/UI/mainMenuViewController.xib; sourceTree = SOURCE_ROOT; };
		F78D414A181483260080D5EB /* TermsViewController.h */ = {isa = PBXFileReference; fileEncoding = 4; lastKnownFileType = sourcecode.c.h; name = TermsViewController.h; path = BuBrain/TermsViewController.h; sourceTree = SOURCE_ROOT; };
		F78D414B181483260080D5EB /* TermsViewController.m */ = {isa = PBXFileReference; fileEncoding = 4; lastKnownFileType = sourcecode.c.objc; name = TermsViewController.m; path = BuBrain/TermsViewController.m; sourceTree = SOURCE_ROOT; };
		F78D4150181493F60080D5EB /* BuBrainCredentials.h */ = {isa = PBXFileReference; fileEncoding = 4; lastKnownFileType = sourcecode.c.h; name = BuBrainCredentials.h; path = BuBrain/BuBrainCredentials.h; sourceTree = "<group>"; };
		F78D4151181493F60080D5EB /* BuBrainCredentials.m */ = {isa = PBXFileReference; fileEncoding = 4; lastKnownFileType = sourcecode.c.objc; name = BuBrainCredentials.m; path = BuBrain/BuBrainCredentials.m; sourceTree = "<group>"; };
		F7AE4DFD1830325C00526774 /* RedirectDetector.h */ = {isa = PBXFileReference; fileEncoding = 4; lastKnownFileType = sourcecode.c.h; name = RedirectDetector.h; path = BuBrain/RedirectDetector.h; sourceTree = "<group>"; };
		F7AE4DFE1830325C00526774 /* RedirectDetector.m */ = {isa = PBXFileReference; fileEncoding = 4; lastKnownFileType = sourcecode.c.objc; name = RedirectDetector.m; path = BuBrain/RedirectDetector.m; sourceTree = "<group>"; };
		F7C2368C176A7F7C00F94740 /* BU Brain.app */ = {isa = PBXFileReference; explicitFileType = wrapper.application; includeInIndex = 0; path = "BU Brain.app"; sourceTree = BUILT_PRODUCTS_DIR; };
		F7C2368F176A7F7C00F94740 /* Foundation.framework */ = {isa = PBXFileReference; lastKnownFileType = wrapper.framework; name = Foundation.framework; path = System/Library/Frameworks/Foundation.framework; sourceTree = SDKROOT; };
		F7C23691176A7F7C00F94740 /* CoreGraphics.framework */ = {isa = PBXFileReference; lastKnownFileType = wrapper.framework; name = CoreGraphics.framework; path = System/Library/Frameworks/CoreGraphics.framework; sourceTree = SDKROOT; };
		F7C23693176A7F7C00F94740 /* UIKit.framework */ = {isa = PBXFileReference; lastKnownFileType = wrapper.framework; name = UIKit.framework; path = System/Library/Frameworks/UIKit.framework; sourceTree = SDKROOT; };
		F7C236A7176A7F7C00F94740 /* BU BrainTests.xctest */ = {isa = PBXFileReference; explicitFileType = wrapper.cfbundle; includeInIndex = 0; path = "BU BrainTests.xctest"; sourceTree = BUILT_PRODUCTS_DIR; };
		F7C236A8176A7F7C00F94740 /* XCTest.framework */ = {isa = PBXFileReference; lastKnownFileType = wrapper.framework; name = XCTest.framework; path = Library/Frameworks/XCTest.framework; sourceTree = DEVELOPER_DIR; };
/* End PBXFileReference section */

/* Begin PBXFrameworksBuildPhase section */
		F7C23689176A7F7B00F94740 /* Frameworks */ = {
			isa = PBXFrameworksBuildPhase;
			buildActionMask = 2147483647;
			files = (
				A966B7B61830B140001E47BA /* libPods.a in Frameworks */,
				F77E2D7D176EA1D7007A5678 /* Security.framework in Frameworks */,
				F7C23692176A7F7C00F94740 /* CoreGraphics.framework in Frameworks */,
				F7C23694176A7F7C00F94740 /* UIKit.framework in Frameworks */,
				F7C23690176A7F7C00F94740 /* Foundation.framework in Frameworks */,
			);
			runOnlyForDeploymentPostprocessing = 0;
		};
		F7C236A4176A7F7C00F94740 /* Frameworks */ = {
			isa = PBXFrameworksBuildPhase;
			buildActionMask = 2147483647;
			files = (
				F7C236A9176A7F7C00F94740 /* XCTest.framework in Frameworks */,
				F7C236AB176A7F7C00F94740 /* UIKit.framework in Frameworks */,
				F7C236AA176A7F7C00F94740 /* Foundation.framework in Frameworks */,
			);
			runOnlyForDeploymentPostprocessing = 0;
		};
/* End PBXFrameworksBuildPhase section */

/* Begin PBXGroup section */
		A935477E1807AE3D00705CF1 /* en.lproj */ = {
			isa = PBXGroup;
			children = (
			);
			name = en.lproj;
			path = BuBrain/en.lproj;
			sourceTree = SOURCE_ROOT;
		};
		F71E18B8182E760B0059EFDD /* UI */ = {
			isa = PBXGroup;
			children = (
				F7445DC7182DB9EC007316C6 /* ClassCell.h */,
				F71E18B1182E30EA0059EFDD /* ClassCell.m */,
				F71E18AC182E18900059EFDD /* ClassInfo.h */,
				F71E18AD182E18900059EFDD /* ClassInfo.m */,
				F7374C54187119B100881136 /* TranscriptViewController.xib */,
				F71E18AF182E2E570059EFDD /* TermCell.xib */,
				A935477B1807AE3D00705CF1 /* CaptureCredentialsController.xib */,
				A935477C1807AE3D00705CF1 /* BNumberControllerViewController.xib */,
				F71E18B5182E41B50059EFDD /* SettingsViewController.xib */,
				F71E18AA182E00090059EFDD /* ClassCell.xib */,
				F7445DCC182DBFE3007316C6 /* ScheduleTableViewController.xib */,
				F7374C4C186FEA5600881136 /* GridScheduleViewController.xib */,
				F78D4145181362210080D5EB /* mainMenuViewController.xib */,
			);
			name = UI;
			sourceTree = "<group>";
		};
		F78D4134181357D30080D5EB /* BuBrainClient */ = {
			isa = PBXGroup;
			children = (
				A93547751807AE3D00705CF1 /* BUBrainClient.h */,
				A93547731807AE3D00705CF1 /* BUBrainClient.m */,
				F7AE4DFD1830325C00526774 /* RedirectDetector.h */,
				F7AE4DFE1830325C00526774 /* RedirectDetector.m */,
			);
			name = BuBrainClient;
			sourceTree = "<group>";
		};
		F7C1D9EC176EA69C005FC49E /* KeyChain Access */ = {
			isa = PBXGroup;
			children = (
				A935476D1807ADF600705CF1 /* SSKeychain.h */,
				A935476E1807ADF600705CF1 /* SSKeychain.m */,
				A935476F1807ADF600705CF1 /* SSKeychainQuery.h */,
				A93547701807ADF600705CF1 /* SSKeychainQuery.m */,
				F78D4150181493F60080D5EB /* BuBrainCredentials.h */,
				F78D4151181493F60080D5EB /* BuBrainCredentials.m */,
			);
			name = "KeyChain Access";
			sourceTree = "<group>";
		};
		F7C23683176A7F7B00F94740 = {
			isa = PBXGroup;
			children = (
				F78D4134181357D30080D5EB /* BuBrainClient */,
				F7C1D9EC176EA69C005FC49E /* KeyChain Access */,
				F7C23695176A7F7C00F94740 /* BuBrain */,
				F7C2368E176A7F7C00F94740 /* Frameworks */,
				F7C2368D176A7F7C00F94740 /* Products */,
				AA5592877BE441A08C5D071D /* Pods.xcconfig */,
			);
			sourceTree = "<group>";
		};
		F7C2368D176A7F7C00F94740 /* Products */ = {
			isa = PBXGroup;
			children = (
				F7C2368C176A7F7C00F94740 /* BU Brain.app */,
				F7C236A7176A7F7C00F94740 /* BU BrainTests.xctest */,
			);
			name = Products;
			sourceTree = "<group>";
		};
		F7C2368E176A7F7C00F94740 /* Frameworks */ = {
			isa = PBXGroup;
			children = (
				A966B7B51830B140001E47BA /* libPods.a */,
				F77E2D7C176EA1D7007A5678 /* Security.framework */,
				F7C2368F176A7F7C00F94740 /* Foundation.framework */,
				F7C23691176A7F7C00F94740 /* CoreGraphics.framework */,
				F7C23693176A7F7C00F94740 /* UIKit.framework */,
				F7C236A8176A7F7C00F94740 /* XCTest.framework */,
				ECF104E35B9A4E8EA4C48DF1 /* libPods.a */,
			);
			name = Frameworks;
			sourceTree = "<group>";
		};
		F7C23695176A7F7C00F94740 /* BuBrain */ = {
			isa = PBXGroup;
			children = (
				F71E18B8182E760B0059EFDD /* UI */,
				F7445DCA182DBFE3007316C6 /* ScheduleTableViewController.h */,
				F7445DCB182DBFE3007316C6 /* ScheduleTableViewController.m */,
				F7374C4A186FEA5600881136 /* GridScheduleViewController.h */,
				F7374C4B186FEA5600881136 /* GridScheduleViewController.m */,
				F7374C52187119B100881136 /* TranscriptViewController.h */,
				F7374C53187119B100881136 /* TranscriptViewController.m */,
				F78D4143181362210080D5EB /* mainMenuViewController.h */,
				F78D4144181362210080D5EB /* mainMenuViewController.m */,
				F71E18B3182E41B50059EFDD /* SettingsViewController.h */,
				F71E18B4182E41B50059EFDD /* SettingsViewController.m */,
				A93547761807AE3D00705CF1 /* BNumberControllerViewController.h */,
				A93547741807AE3D00705CF1 /* BNumberControllerViewController.m */,
				A93547771807AE3D00705CF1 /* CaptureCredentialsController.h */,
				A935477A1807AE3D00705CF1 /* CaptureCredentialsController.m */,
				F78D414A181483260080D5EB /* TermsViewController.h */,
				F78D414B181483260080D5EB /* TermsViewController.m */,
				F766B6C01872A82C0018ADC0 /* GradesViewController.h */,
				F766B6C11872A82C0018ADC0 /* GradesViewController.m */,
				A935477D1807AE3D00705CF1 /* Images.xcassets */,
				A935477E1807AE3D00705CF1 /* en.lproj */,
				A93547811807AE3D00705CF1 /* AppDelegate.h */,
				A93547791807AE3D00705CF1 /* AppDelegate.m */,
				F7C23696176A7F7C00F94740 /* Supporting Files */,
			);
			name = BuBrain;
			path = BuBrainTest;
			sourceTree = "<group>";
		};
		F7C23696176A7F7C00F94740 /* Supporting Files */ = {
			isa = PBXGroup;
			children = (
				A93547821807AE3D00705CF1 /* BU Brain-Prefix.pch */,
				A93547831807AE3D00705CF1 /* main.m */,
				A93547781807AE3D00705CF1 /* BU Brain-Info.plist */,
			);
			name = "Supporting Files";
			sourceTree = "<group>";
		};
/* End PBXGroup section */

/* Begin PBXNativeTarget section */
		F7C2368B176A7F7B00F94740 /* BU Brain */ = {
			isa = PBXNativeTarget;
			buildConfigurationList = F7C236B8176A7F7C00F94740 /* Build configuration list for PBXNativeTarget "BU Brain" */;
			buildPhases = (
				23575EEAA37E4263802C2459 /* Check Pods Manifest.lock */,
				F7C23688176A7F7B00F94740 /* Sources */,
				F7C23689176A7F7B00F94740 /* Frameworks */,
				F7C2368A176A7F7B00F94740 /* Resources */,
				CBB93095B4D34E76B2B543E8 /* Copy Pods Resources */,
			);
			buildRules = (
			);
			dependencies = (
			);
			name = "BU Brain";
			productName = BuBrainTest;
			productReference = F7C2368C176A7F7C00F94740 /* BU Brain.app */;
			productType = "com.apple.product-type.application";
		};
		F7C236A6176A7F7C00F94740 /* BU BrainTests */ = {
			isa = PBXNativeTarget;
			buildConfigurationList = F7C236BB176A7F7C00F94740 /* Build configuration list for PBXNativeTarget "BU BrainTests" */;
			buildPhases = (
				F7C236A3176A7F7C00F94740 /* Sources */,
				F7C236A4176A7F7C00F94740 /* Frameworks */,
				F7C236A5176A7F7C00F94740 /* Resources */,
			);
			buildRules = (
			);
			dependencies = (
				F7C236AD176A7F7C00F94740 /* PBXTargetDependency */,
			);
			name = "BU BrainTests";
			productName = BuBrainTestTests;
			productReference = F7C236A7176A7F7C00F94740 /* BU BrainTests.xctest */;
			productType = "com.apple.product-type.bundle.unit-test";
		};
/* End PBXNativeTarget section */

/* Begin PBXProject section */
		F7C23684176A7F7B00F94740 /* Project object */ = {
			isa = PBXProject;
			attributes = {
				LastUpgradeCheck = 0500;
				ORGANIZATIONNAME = "Cezar Cocu";
				TargetAttributes = {
					F7C2368B176A7F7B00F94740 = {
						DevelopmentTeam = TAYL98RB5T;
					};
					F7C236A6176A7F7C00F94740 = {
						TestTargetID = F7C2368B176A7F7B00F94740;
					};
				};
			};
			buildConfigurationList = F7C23687176A7F7B00F94740 /* Build configuration list for PBXProject "BU Brain" */;
			compatibilityVersion = "Xcode 3.2";
			developmentRegion = English;
			hasScannedForEncodings = 0;
			knownRegions = (
				en,
			);
			mainGroup = F7C23683176A7F7B00F94740;
			productRefGroup = F7C2368D176A7F7C00F94740 /* Products */;
			projectDirPath = "";
			projectRoot = "";
			targets = (
				F7C2368B176A7F7B00F94740 /* BU Brain */,
				F7C236A6176A7F7C00F94740 /* BU BrainTests */,
			);
		};
/* End PBXProject section */

/* Begin PBXResourcesBuildPhase section */
		F7C2368A176A7F7B00F94740 /* Resources */ = {
			isa = PBXResourcesBuildPhase;
			buildActionMask = 2147483647;
			files = (
				F7445DCE182DBFE3007316C6 /* ScheduleTableViewController.xib in Resources */,
				F71E18B7182E41B50059EFDD /* SettingsViewController.xib in Resources */,
				A935478B1807AE3D00705CF1 /* Images.xcassets in Resources */,
				A93547891807AE3D00705CF1 /* CaptureCredentialsController.xib in Resources */,
				A935478A1807AE3D00705CF1 /* BNumberControllerViewController.xib in Resources */,
				F78D4147181362210080D5EB /* mainMenuViewController.xib in Resources */,
				F7374C56187119B100881136 /* TranscriptViewController.xib in Resources */,
				F71E18B0182E2E570059EFDD /* TermCell.xib in Resources */,
				F7374C4E186FEA5600881136 /* GridScheduleViewController.xib in Resources */,
				F71E18AB182E00090059EFDD /* ClassCell.xib in Resources */,
			);
			runOnlyForDeploymentPostprocessing = 0;
		};
		F7C236A5176A7F7C00F94740 /* Resources */ = {
			isa = PBXResourcesBuildPhase;
			buildActionMask = 2147483647;
			files = (
			);
			runOnlyForDeploymentPostprocessing = 0;
		};
/* End PBXResourcesBuildPhase section */

/* Begin PBXShellScriptBuildPhase section */
		23575EEAA37E4263802C2459 /* Check Pods Manifest.lock */ = {
			isa = PBXShellScriptBuildPhase;
			buildActionMask = 2147483647;
			files = (
			);
			inputPaths = (
			);
			name = "Check Pods Manifest.lock";
			outputPaths = (
			);
			runOnlyForDeploymentPostprocessing = 0;
			shellPath = /bin/sh;
			shellScript = "diff \"${PODS_ROOT}/../Podfile.lock\" \"${PODS_ROOT}/Manifest.lock\" > /dev/null\nif [[ $? != 0 ]] ; then\n    cat << EOM\nerror: The sandbox is not in sync with the Podfile.lock. Run 'pod install' or update your CocoaPods installation.\nEOM\n    exit 1\nfi\n";
			showEnvVarsInLog = 0;
		};
		CBB93095B4D34E76B2B543E8 /* Copy Pods Resources */ = {
			isa = PBXShellScriptBuildPhase;
			buildActionMask = 2147483647;
			files = (
			);
			inputPaths = (
			);
			name = "Copy Pods Resources";
			outputPaths = (
			);
			runOnlyForDeploymentPostprocessing = 0;
			shellPath = /bin/sh;
			shellScript = "\"${SRCROOT}/Pods/Pods-resources.sh\"\n";
			showEnvVarsInLog = 0;
		};
/* End PBXShellScriptBuildPhase section */

/* Begin PBXSourcesBuildPhase section */
		F7C23688176A7F7B00F94740 /* Sources */ = {
			isa = PBXSourcesBuildPhase;
			buildActionMask = 2147483647;
			files = (
				F78D414C181483260080D5EB /* TermsViewController.m in Sources */,
				F71E18AE182E18900059EFDD /* ClassInfo.m in Sources */,
				F766B6C21872A82C0018ADC0 /* GradesViewController.m in Sources */,
				A93547841807AE3D00705CF1 /* BUBrainClient.m in Sources */,
				A93547851807AE3D00705CF1 /* BNumberControllerViewController.m in Sources */,
				F7374C55187119B100881136 /* TranscriptViewController.m in Sources */,
				A93547881807AE3D00705CF1 /* CaptureCredentialsController.m in Sources */,
				F78D4152181493F60080D5EB /* BuBrainCredentials.m in Sources */,
				A93547721807ADF600705CF1 /* SSKeychainQuery.m in Sources */,
				F78D4146181362210080D5EB /* mainMenuViewController.m in Sources */,
				A93547871807AE3D00705CF1 /* AppDelegate.m in Sources */,
				F7374C4D186FEA5600881136 /* GridScheduleViewController.m in Sources */,
				F7445DCD182DBFE3007316C6 /* ScheduleTableViewController.m in Sources */,
				A93547711807ADF600705CF1 /* SSKeychain.m in Sources */,
				F7AE4DFF1830325C00526774 /* RedirectDetector.m in Sources */,
				A935478D1807AE3D00705CF1 /* main.m in Sources */,
				F71E18B2182E30EA0059EFDD /* ClassCell.m in Sources */,
				F71E18B6182E41B50059EFDD /* SettingsViewController.m in Sources */,
			);
			runOnlyForDeploymentPostprocessing = 0;
		};
		F7C236A3176A7F7C00F94740 /* Sources */ = {
			isa = PBXSourcesBuildPhase;
			buildActionMask = 2147483647;
			files = (
			);
			runOnlyForDeploymentPostprocessing = 0;
		};
/* End PBXSourcesBuildPhase section */

/* Begin PBXTargetDependency section */
		F7C236AD176A7F7C00F94740 /* PBXTargetDependency */ = {
			isa = PBXTargetDependency;
			target = F7C2368B176A7F7B00F94740 /* BU Brain */;
			targetProxy = F7C236AC176A7F7C00F94740 /* PBXContainerItemProxy */;
		};
/* End PBXTargetDependency section */

/* Begin XCBuildConfiguration section */
		F7C236B6176A7F7C00F94740 /* Debug */ = {
			isa = XCBuildConfiguration;
			buildSettings = {
				ALWAYS_SEARCH_USER_PATHS = NO;
				CLANG_CXX_LANGUAGE_STANDARD = "gnu++0x";
				CLANG_CXX_LIBRARY = "libc++";
				CLANG_ENABLE_MODULES = YES;
				CLANG_ENABLE_OBJC_ARC = YES;
				CLANG_WARN_BOOL_CONVERSION = YES;
				CLANG_WARN_CONSTANT_CONVERSION = YES;
				CLANG_WARN_DIRECT_OBJC_ISA_USAGE = YES_ERROR;
				CLANG_WARN_EMPTY_BODY = YES;
				CLANG_WARN_ENUM_CONVERSION = YES;
				CLANG_WARN_INT_CONVERSION = YES;
				CLANG_WARN_OBJC_ROOT_CLASS = YES_ERROR;
				CLANG_WARN__DUPLICATE_METHOD_MATCH = YES;
				"CODE_SIGN_IDENTITY[sdk=iphoneos*]" = "iPhone Developer";
				COPY_PHASE_STRIP = NO;
				GCC_C_LANGUAGE_STANDARD = gnu99;
				GCC_DYNAMIC_NO_PIC = NO;
				GCC_OPTIMIZATION_LEVEL = 0;
				GCC_PREPROCESSOR_DEFINITIONS = (
					"DEBUG=1",
					"$(inherited)",
				);
				GCC_SYMBOLS_PRIVATE_EXTERN = NO;
				GCC_WARN_ABOUT_RETURN_TYPE = YES_ERROR;
				GCC_WARN_UNDECLARED_SELECTOR = YES;
				GCC_WARN_UNINITIALIZED_AUTOS = YES;
				GCC_WARN_UNUSED_FUNCTION = YES;
				GCC_WARN_UNUSED_VARIABLE = YES;
				IPHONEOS_DEPLOYMENT_TARGET = 7.0;
				ONLY_ACTIVE_ARCH = YES;
				SDKROOT = iphoneos;
			};
			name = Debug;
		};
		F7C236B7176A7F7C00F94740 /* Release */ = {
			isa = XCBuildConfiguration;
			buildSettings = {
				ALWAYS_SEARCH_USER_PATHS = NO;
				CLANG_CXX_LANGUAGE_STANDARD = "gnu++0x";
				CLANG_CXX_LIBRARY = "libc++";
				CLANG_ENABLE_MODULES = YES;
				CLANG_ENABLE_OBJC_ARC = YES;
				CLANG_WARN_BOOL_CONVERSION = YES;
				CLANG_WARN_CONSTANT_CONVERSION = YES;
				CLANG_WARN_DIRECT_OBJC_ISA_USAGE = YES_ERROR;
				CLANG_WARN_EMPTY_BODY = YES;
				CLANG_WARN_ENUM_CONVERSION = YES;
				CLANG_WARN_INT_CONVERSION = YES;
				CLANG_WARN_OBJC_ROOT_CLASS = YES_ERROR;
				CLANG_WARN__DUPLICATE_METHOD_MATCH = YES;
				"CODE_SIGN_IDENTITY[sdk=iphoneos*]" = "iPhone Developer";
				COPY_PHASE_STRIP = YES;
				ENABLE_NS_ASSERTIONS = NO;
				GCC_C_LANGUAGE_STANDARD = gnu99;
				GCC_WARN_ABOUT_RETURN_TYPE = YES_ERROR;
				GCC_WARN_UNDECLARED_SELECTOR = YES;
				GCC_WARN_UNINITIALIZED_AUTOS = YES;
				GCC_WARN_UNUSED_FUNCTION = YES;
				GCC_WARN_UNUSED_VARIABLE = YES;
				IPHONEOS_DEPLOYMENT_TARGET = 7.0;
				SDKROOT = iphoneos;
				VALIDATE_PRODUCT = YES;
			};
			name = Release;
		};
		F7C236B9176A7F7C00F94740 /* Debug */ = {
			isa = XCBuildConfiguration;
			baseConfigurationReference = AA5592877BE441A08C5D071D /* Pods.xcconfig */;
			buildSettings = {
				APPLY_RULES_IN_COPY_FILES = YES;
				ASSETCATALOG_COMPILER_APPICON_NAME = AppIcon;
				ASSETCATALOG_COMPILER_LAUNCHIMAGE_NAME = LaunchImage;
				CODE_SIGN_IDENTITY = "iPhone Developer";
				"CODE_SIGN_IDENTITY[sdk=iphoneos*]" = "iPhone Developer";
				GCC_FAST_MATH = YES;
				GCC_PRECOMPILE_PREFIX_HEADER = YES;
				GCC_PREFIX_HEADER = "BuBrain/BU Brain-Prefix.pch";
				GCC_UNROLL_LOOPS = YES;
				HEADER_SEARCH_PATHS = "$(inherited)/**";
				INFOPLIST_FILE = "$(SRCROOT)/BuBrain/BU Brain-Info.plist";
				IPHONEOS_DEPLOYMENT_TARGET = 7.0;
				LLVM_VECTORIZE_LOOPS = YES;
				PRECOMPS_INCLUDE_HEADERS_FROM_BUILT_PRODUCTS_DIR = YES;
				PRODUCT_NAME = "BU Brain";
				PROVISIONING_PROFILE = "";
				SCAN_ALL_SOURCE_FILES_FOR_INCLUDES = YES;
				WRAPPER_EXTENSION = app;
			};
			name = Debug;
		};
		F7C236BA176A7F7C00F94740 /* Release */ = {
			isa = XCBuildConfiguration;
			baseConfigurationReference = AA5592877BE441A08C5D071D /* Pods.xcconfig */;
			buildSettings = {
				APPLY_RULES_IN_COPY_FILES = YES;
				ASSETCATALOG_COMPILER_APPICON_NAME = AppIcon;
				ASSETCATALOG_COMPILER_LAUNCHIMAGE_NAME = LaunchImage;
				CODE_SIGN_IDENTITY = "iPhone Developer";
				"CODE_SIGN_IDENTITY[sdk=iphoneos*]" = "iPhone Developer";
				GCC_FAST_MATH = YES;
				GCC_OPTIMIZATION_LEVEL = fast;
				GCC_PRECOMPILE_PREFIX_HEADER = YES;
				GCC_PREFIX_HEADER = "BuBrain/BU Brain-Prefix.pch";
				GCC_UNROLL_LOOPS = YES;
				HEADER_SEARCH_PATHS = "$(inherited)/**";
				INFOPLIST_FILE = "$(SRCROOT)/BuBrain/BU Brain-Info.plist";
				IPHONEOS_DEPLOYMENT_TARGET = 7.0;
				LLVM_VECTORIZE_LOOPS = YES;
				PRECOMPS_INCLUDE_HEADERS_FROM_BUILT_PRODUCTS_DIR = YES;
				PRODUCT_NAME = "BU Brain";
				PROVISIONING_PROFILE = "";
				SCAN_ALL_SOURCE_FILES_FOR_INCLUDES = YES;
				WRAPPER_EXTENSION = app;
			};
			name = Release;
		};
		F7C236BC176A7F7C00F94740 /* Debug */ = {
			isa = XCBuildConfiguration;
			buildSettings = {
				BUNDLE_LOADER = "$(BUILT_PRODUCTS_DIR)/BuBrainTest.app/BuBrainTest";
				FRAMEWORK_SEARCH_PATHS = (
					"$(SDKROOT)/Developer/Library/Frameworks",
					"$(inherited)",
					"$(SYSTEM_APPS_DIR)/Xcode5-DP.app/Contents/Developer/Library/Frameworks",
				);
				GCC_PRECOMPILE_PREFIX_HEADER = YES;
				GCC_PREFIX_HEADER = "BuBrainTest/BuBrainTest-Prefix.pch";
				GCC_PREPROCESSOR_DEFINITIONS = (
					"DEBUG=1",
					"$(inherited)",
				);
				INFOPLIST_FILE = "BuBrainTestTests/BU BrainTests-Info.plist";
				PRODUCT_NAME = "BU BrainTests";
				TEST_HOST = "$(BUNDLE_LOADER)";
				WRAPPER_EXTENSION = xctest;
			};
			name = Debug;
		};
		F7C236BD176A7F7C00F94740 /* Release */ = {
			isa = XCBuildConfiguration;
			buildSettings = {
				BUNDLE_LOADER = "$(BUILT_PRODUCTS_DIR)/BuBrainTest.app/BuBrainTest";
				FRAMEWORK_SEARCH_PATHS = (
					"$(SDKROOT)/Developer/Library/Frameworks",
					"$(inherited)",
					"$(SYSTEM_APPS_DIR)/Xcode5-DP.app/Contents/Developer/Library/Frameworks",
				);
				GCC_PRECOMPILE_PREFIX_HEADER = YES;
				GCC_PREFIX_HEADER = "BuBrainTest/BuBrainTest-Prefix.pch";
				INFOPLIST_FILE = "BuBrainTestTests/BU BrainTests-Info.plist";
				PRODUCT_NAME = "BU BrainTests";
				TEST_HOST = "$(BUNDLE_LOADER)";
				WRAPPER_EXTENSION = xctest;
			};
			name = Release;
		};
/* End XCBuildConfiguration section */

/* Begin XCConfigurationList section */
		F7C23687176A7F7B00F94740 /* Build configuration list for PBXProject "BU Brain" */ = {
			isa = XCConfigurationList;
			buildConfigurations = (
				F7C236B6176A7F7C00F94740 /* Debug */,
				F7C236B7176A7F7C00F94740 /* Release */,
			);
			defaultConfigurationIsVisible = 0;
			defaultConfigurationName = Release;
		};
		F7C236B8176A7F7C00F94740 /* Build configuration list for PBXNativeTarget "BU Brain" */ = {
			isa = XCConfigurationList;
			buildConfigurations = (
				F7C236B9176A7F7C00F94740 /* Debug */,
				F7C236BA176A7F7C00F94740 /* Release */,
			);
			defaultConfigurationIsVisible = 0;
			defaultConfigurationName = Release;
		};
		F7C236BB176A7F7C00F94740 /* Build configuration list for PBXNativeTarget "BU BrainTests" */ = {
			isa = XCConfigurationList;
			buildConfigurations = (
				F7C236BC176A7F7C00F94740 /* Debug */,
				F7C236BD176A7F7C00F94740 /* Release */,
			);
			defaultConfigurationIsVisible = 0;
			defaultConfigurationName = Release;
		};
/* End XCConfigurationList section */
	};
	rootObject = F7C23684176A7F7B00F94740 /* Project object */;
}
